<?xml version="1.0" encoding="utf-8"?>
<Project ToolsVersion="4.0" xmlns="http://schemas.microsoft.com/developer/msbuild/2003">
  <ItemGroup>
    <Filter Include="Source Files">
      <UniqueIdentifier>{4FC737F1-C7A5-4376-A066-2A32D752A2FF}</UniqueIdentifier>
      <Extensions>cpp;c;cc;cxx;def;odl;idl;hpj;bat;asm;asmx</Extensions>
    </Filter>
    <Filter Include="Header Files">
      <UniqueIdentifier>{93995380-89BD-4b04-88EB-625FBE52EBFB}</UniqueIdentifier>
      <Extensions>h;hh;hpp;hxx;hm;inl;inc;xsd</Extensions>
    </Filter>
    <Filter Include="Resource Files">
      <UniqueIdentifier>{67DA6AB6-F800-4c08-8B7A-83BB121AAD01}</UniqueIdentifier>
      <Extensions>rc;ico;cur;bmp;dlg;rc2;rct;bin;rgs;gif;jpg;jpeg;jpe;resx;tiff;tif;png;wav;mfcribbon-ms</Extensions>
    </Filter>
    <Filter Include="Header Files\SBL 1.0">
      <UniqueIdentifier>{0d64fe9d-7950-4d47-a662-882e9e4354d1}</UniqueIdentifier>
    </Filter>
    <Filter Include="Source Files\SBL 1.0">
      <UniqueIdentifier>{258f8f32-22c6-4b2e-9e75-65df3cafad47}</UniqueIdentifier>
    </Filter>
    <Filter Include="Resource Files\SBLext1">
      <UniqueIdentifier>{3bcc53b2-0bff-4e56-b648-3865699adf0a}</UniqueIdentifier>
    </Filter>
    <Filter Include="Header Files\GEN">
      <UniqueIdentifier>{3893c1b2-5509-4168-b672-464822694f08}</UniqueIdentifier>
    </Filter>
    <Filter Include="Header Files\OGLI">
      <UniqueIdentifier>{98692718-aec5-4244-b274-30b8a250b726}</UniqueIdentifier>
    </Filter>
    <Filter Include="Source Files\GEN">
      <UniqueIdentifier>{0954cec7-6be4-4543-9da9-68de9b85065d}</UniqueIdentifier>
    </Filter>
    <Filter Include="Resource Files\Shaders">
      <UniqueIdentifier>{255023a8-d2d7-4d02-87e2-7a7c3ccab6ee}</UniqueIdentifier>
    </Filter>
  </ItemGroup>
  <ItemGroup>
    <Text Include="ReadMe.txt" />
  </ItemGroup>
  <ItemGroup>
    <ClInclude Include="stdafx.h">
      <Filter>Header Files</Filter>
    </ClInclude>
    <ClInclude Include="targetver.h">
      <Filter>Header Files</Filter>
    </ClInclude>
    <ClInclude Include="Caisse.h">
      <Filter>Header Files</Filter>
    </ClInclude>
    <ClInclude Include="Camera.h">
      <Filter>Header Files</Filter>
    </ClInclude>
    <ClInclude Include="Cube.h">
      <Filter>Header Files</Filter>
    </ClInclude>
    <ClInclude Include="Input.h">
      <Filter>Header Files</Filter>
    </ClInclude>
    <ClInclude Include="SceneOpenGL.h">
      <Filter>Header Files</Filter>
    </ClInclude>
    <ClInclude Include="Shader.h">
      <Filter>Header Files</Filter>
    </ClInclude>
    <ClInclude Include="Texture.h">
      <Filter>Header Files</Filter>
    </ClInclude>
    <ClInclude Include="lunar.h">
      <Filter>Header Files</Filter>
    </ClInclude>
    <ClInclude Include="sbl_main.h">
      <Filter>Header Files\SBL 1.0</Filter>
    </ClInclude>
    <ClInclude Include="sbl_interface_hub.h">
      <Filter>Header Files\SBL 1.0</Filter>
    </ClInclude>
    <ClInclude Include="sbl_hub.h">
      <Filter>Header Files\SBL 1.0</Filter>
    </ClInclude>
    <ClInclude Include="sbl_env.h">
      <Filter>Header Files\SBL 1.0</Filter>
    </ClInclude>
    <ClInclude Include="sbl_element.h">
      <Filter>Header Files\SBL 1.0</Filter>
    </ClInclude>
    <ClInclude Include="bloc.h">
      <Filter>Header Files</Filter>
    </ClInclude>
    <ClInclude Include="map.h">
      <Filter>Header Files</Filter>
    </ClInclude>
    <ClInclude Include="sbl_boost.h">
      <Filter>Header Files\SBL 1.0</Filter>
    </ClInclude>
    <ClInclude Include="gen_3delement.h">
      <Filter>Header Files\GEN</Filter>
    </ClInclude>
    <ClInclude Include="ogli_main.h">
      <Filter>Header Files\OGLI</Filter>
    </ClInclude>
    <ClInclude Include="ogli_slot.h">
      <Filter>Header Files\OGLI</Filter>
    </ClInclude>
    <ClInclude Include="ogli_coord.h">
      <Filter>Header Files\OGLI</Filter>
    </ClInclude>
    <ClInclude Include="ogli_hub.h">
      <Filter>Header Files\OGLI</Filter>
    </ClInclude>
    <ClInclude Include="gen_boost.h">
      <Filter>Header Files\GEN</Filter>
    </ClInclude>
    <ClInclude Include="gen_main.h">
      <Filter>Header Files\GEN</Filter>
    </ClInclude>
    <ClInclude Include="Input_Hard.h">
      <Filter>Header Files</Filter>
    </ClInclude>
    <ClInclude Include="ogli_texte2D.h">
      <Filter>Header Files\OGLI</Filter>
    </ClInclude>
    <ClInclude Include="ogli_lutin.h">
      <Filter>Header Files\OGLI</Filter>
    </ClInclude>
  </ItemGroup>
  <ItemGroup>
    <ClCompile Include="stdafx.cpp">
      <Filter>Source Files</Filter>
    </ClCompile>
    <ClCompile Include="Caisse.cpp">
      <Filter>Source Files</Filter>
    </ClCompile>
    <ClCompile Include="Camera.cpp">
      <Filter>Source Files</Filter>
    </ClCompile>
    <ClCompile Include="Cube.cpp">
      <Filter>Source Files</Filter>
    </ClCompile>
    <ClCompile Include="Input.cpp">
      <Filter>Source Files</Filter>
    </ClCompile>
    <ClCompile Include="P101 (moteur).cpp">
      <Filter>Source Files</Filter>
    </ClCompile>
    <ClCompile Include="SceneOpenGL.cpp">
      <Filter>Source Files</Filter>
    </ClCompile>
    <ClCompile Include="Shader.cpp">
      <Filter>Source Files</Filter>
    </ClCompile>
    <ClCompile Include="Texture.cpp">
      <Filter>Source Files</Filter>
    </ClCompile>
    <ClCompile Include="sbl_env.cpp">
      <Filter>Source Files\SBL 1.0</Filter>
    </ClCompile>
    <ClCompile Include="sbl_hub.cpp">
      <Filter>Source Files\SBL 1.0</Filter>
    </ClCompile>
    <ClCompile Include="sbl_interface_hub.cpp">
      <Filter>Source Files\SBL 1.0</Filter>
    </ClCompile>
    <ClCompile Include="sbl_main.cpp">
      <Filter>Source Files\SBL 1.0</Filter>
    </ClCompile>
    <ClCompile Include="sbl_element.cpp">
      <Filter>Source Files\SBL 1.0</Filter>
    </ClCompile>
    <ClCompile Include="sbl_boost.cpp">
      <Filter>Source Files\SBL 1.0</Filter>
    </ClCompile>
    <ClCompile Include="gen_boost.cpp">
      <Filter>Source Files\GEN</Filter>
    </ClCompile>
  </ItemGroup>
  <ItemGroup>
    <None Include="sbl_ext1.lua">
      <Filter>Resource Files\SBLext1</Filter>
    </None>
    <None Include="test.lua">
      <Filter>Resource Files</Filter>
    </None>
    <None Include="config.lua">
      <Filter>Resource Files</Filter>
    </None>
    <None Include="DATA\Shaders\texture2Dp.frag">
      <Filter>Resource Files\Shaders</Filter>
    </None>
    <None Include="DATA\Shaders\texture2Dp.vert">
      <Filter>Resource Files\Shaders</Filter>
    </None>
  </ItemGroup>
</Project>